
Microsoft Visual Studio Solution File, Format Version 12.00
# Visual Studio 14
VisualStudioVersion = 14.0.25420.1
MinimumVisualStudioVersion = 10.0.40219.1
Project("{FAE04EC0-301F-11D3-BF4B-00C04F79EFBC}") = "Amazing Kindly Clipper", "Amazing Kindly Clipper\Amazing Kindly Clipper.csproj", "{F23A33B4-1BEE-46F1-88AA-06840F057C74}"
EndProject
Project("{FAE04EC0-301F-11D3-BF4B-00C04F79EFBC}") = "AKCTests", "AKC-Tests\AKCTests.csproj", "{A62D47DD-6685-41D0-91E3-672EE4B8E6A1}"
EndProject
Global
	GlobalSection(SolutionConfigurationPlatforms) = preSolution
		Debug|Any CPU = Debug|Any CPU
		Debug|ARM = Debug|ARM
		Debug|x64 = Debug|x64
		Debug|x86 = Debug|x86
		Release|Any CPU = Release|Any CPU
		Release|ARM = Release|ARM
		Release|x64 = Release|x64
		Release|x86 = Release|x86
	EndGlobalSection
	GlobalSection(ProjectConfigurationPlatforms) = postSolution
		{F23A33B4-1BEE-46F1-88AA-06840F057C74}.Debug|Any CPU.ActiveCfg = Debug|Any CPU
		{F23A33B4-1BEE-46F1-88AA-06840F057C74}.Debug|Any CPU.Build.0 = Debug|Any CPU
		{F23A33B4-1BEE-46F1-88AA-06840F057C74}.Debug|ARM.ActiveCfg = Debug|Any CPU
		{F23A33B4-1BEE-46F1-88AA-06840F057C74}.Debug|ARM.Build.0 = Debug|Any CPU
		{F23A33B4-1BEE-46F1-88AA-06840F057C74}.Debug|x64.ActiveCfg = Debug|Any CPU
		{F23A33B4-1BEE-46F1-88AA-06840F057C74}.Debug|x64.Build.0 = Debug|Any CPU
		{F23A33B4-1BEE-46F1-88AA-06840F057C74}.Debug|x86.ActiveCfg = Debug|Any CPU
		{F23A33B4-1BEE-46F1-88AA-06840F057C74}.Debug|x86.Build.0 = Debug|Any CPU
		{F23A33B4-1BEE-46F1-88AA-06840F057C74}.Release|Any CPU.ActiveCfg = Release|Any CPU
		{F23A33B4-1BEE-46F1-88AA-06840F057C74}.Release|Any CPU.Build.0 = Release|Any CPU
		{F23A33B4-1BEE-46F1-88AA-06840F057C74}.Release|ARM.ActiveCfg = Release|Any CPU
		{F23A33B4-1BEE-46F1-88AA-06840F057C74}.Release|ARM.Build.0 = Release|Any CPU
		{F23A33B4-1BEE-46F1-88AA-06840F057C74}.Release|x64.ActiveCfg = Release|Any CPU
		{F23A33B4-1BEE-46F1-88AA-06840F057C74}.Release|x64.Build.0 = Release|Any CPU
		{F23A33B4-1BEE-46F1-88AA-06840F057C74}.Release|x86.ActiveCfg = Release|Any CPU
		{F23A33B4-1BEE-46F1-88AA-06840F057C74}.Release|x86.Build.0 = Release|Any CPU
		{A62D47DD-6685-41D0-91E3-672EE4B8E6A1}.Debug|Any CPU.ActiveCfg = Debug|Any CPU
		{A62D47DD-6685-41D0-91E3-672EE4B8E6A1}.Debug|Any CPU.Build.0 = Debug|Any CPU
		{A62D47DD-6685-41D0-91E3-672EE4B8E6A1}.Debug|ARM.ActiveCfg = Debug|Any CPU
		{A62D47DD-6685-41D0-91E3-672EE4B8E6A1}.Debug|ARM.Build.0 = Debug|Any CPU
		{A62D47DD-6685-41D0-91E3-672EE4B8E6A1}.Debug|x64.ActiveCfg = Debug|Any CPU
		{A62D47DD-6685-41D0-91E3-672EE4B8E6A1}.Debug|x64.Build.0 = Debug|Any CPU
		{A62D47DD-6685-41D0-91E3-672EE4B8E6A1}.Debug|x86.ActiveCfg = Debug|Any CPU
		{A62D47DD-6685-41D0-91E3-672EE4B8E6A1}.Debug|x86.Build.0 = Debug|Any CPU
		{A62D47DD-6685-41D0-91E3-672EE4B8E6A1}.Release|Any CPU.ActiveCfg = Release|Any CPU
		{A62D47DD-6685-41D0-91E3-672EE4B8E6A1}.Release|Any CPU.Build.0 = Release|Any CPU
		{A62D47DD-6685-41D0-91E3-672EE4B8E6A1}.Release|ARM.ActiveCfg = Release|Any CPU
		{A62D47DD-6685-41D0-91E3-672EE4B8E6A1}.Release|ARM.Build.0 = Release|Any CPU
		{A62D47DD-6685-41D0-91E3-672EE4B8E6A1}.Release|x64.ActiveCfg = Release|Any CPU
		{A62D47DD-6685-41D0-91E3-672EE4B8E6A1}.Release|x64.Build.0 = Release|Any CPU
		{A62D47DD-6685-41D0-91E3-672EE4B8E6A1}.Release|x86.ActiveCfg = Release|Any CPU
		{A62D47DD-6685-41D0-91E3-672EE4B8E6A1}.Release|x86.Build.0 = Release|Any CPU
	EndGlobalSection
	GlobalSection(SolutionProperties) = preSolution
		HideSolutionNode = FALSE
	EndGlobalSection
EndGlobal
